
Microsoft Visual Studio Solution File, Format Version 12.00
# Visual Studio Version 17
VisualStudioVersion = 17.2.32526.322
MinimumVisualStudioVersion = 10.0.40219.1
Project("{9A19103F-16F7-4668-BE54-9A1E7A4F7556}") = "Infrastructure", "Infrastructure\Infrastructure.csproj", "{87DB6208-633F-47A2-9F9D-C988AE3C0D6B}"
EndProject
Project("{9A19103F-16F7-4668-BE54-9A1E7A4F7556}") = "Domain", "Domain\Domain.csproj", "{2E8C0531-7C04-421D-A42A-80614967F375}"
EndProject
Project("{9A19103F-16F7-4668-BE54-9A1E7A4F7556}") = "WebAPI", "WebAPI\WebAPI.csproj", "{4DB7EDF2-3B8D-4208-B4AF-565A011D004E}"
EndProject
Project("{9A19103F-16F7-4668-BE54-9A1E7A4F7556}") = "Application", "Application\Application.csproj", "{D73E13B4-BCBC-4D3F-8BCB-E7DFA5D3E1DD}"
EndProject
Global
	GlobalSection(SolutionConfigurationPlatforms) = preSolution
		Debug|Any CPU = Debug|Any CPU
		Release|Any CPU = Release|Any CPU
	EndGlobalSection
	GlobalSection(ProjectConfigurationPlatforms) = postSolution
		{87DB6208-633F-47A2-9F9D-C988AE3C0D6B}.Debug|Any CPU.ActiveCfg = Debug|Any CPU
		{87DB6208-633F-47A2-9F9D-C988AE3C0D6B}.Debug|Any CPU.Build.0 = Debug|Any CPU
		{87DB6208-633F-47A2-9F9D-C988AE3C0D6B}.Release|Any CPU.ActiveCfg = Release|Any CPU
		{87DB6208-633F-47A2-9F9D-C988AE3C0D6B}.Release|Any CPU.Build.0 = Release|Any CPU
		{2E8C0531-7C04-421D-A42A-80614967F375}.Debug|Any CPU.ActiveCfg = Debug|Any CPU
		{2E8C0531-7C04-421D-A42A-80614967F375}.Debug|Any CPU.Build.0 = Debug|Any CPU
		{2E8C0531-7C04-421D-A42A-80614967F375}.Release|Any CPU.ActiveCfg = Release|Any CPU
		{2E8C0531-7C04-421D-A42A-80614967F375}.Release|Any CPU.Build.0 = Release|Any CPU
		{4DB7EDF2-3B8D-4208-B4AF-565A011D004E}.Debug|Any CPU.ActiveCfg = Debug|Any CPU
		{4DB7EDF2-3B8D-4208-B4AF-565A011D004E}.Debug|Any CPU.Build.0 = Debug|Any CPU
		{4DB7EDF2-3B8D-4208-B4AF-565A011D004E}.Release|Any CPU.ActiveCfg = Release|Any CPU
		{4DB7EDF2-3B8D-4208-B4AF-565A011D004E}.Release|Any CPU.Build.0 = Release|Any CPU
		{D73E13B4-BCBC-4D3F-8BCB-E7DFA5D3E1DD}.Debug|Any CPU.ActiveCfg = Debug|Any CPU
		{D73E13B4-BCBC-4D3F-8BCB-E7DFA5D3E1DD}.Debug|Any CPU.Build.0 = Debug|Any CPU
		{D73E13B4-BCBC-4D3F-8BCB-E7DFA5D3E1DD}.Release|Any CPU.ActiveCfg = Release|Any CPU
		{D73E13B4-BCBC-4D3F-8BCB-E7DFA5D3E1DD}.Release|Any CPU.Build.0 = Release|Any CPU
	EndGlobalSection
	GlobalSection(SolutionProperties) = preSolution
		HideSolutionNode = FALSE
	EndGlobalSection
	GlobalSection(ExtensibilityGlobals) = postSolution
		SolutionGuid = {BBF6FC4E-7AB0-4687-9387-178B184C6722}
	EndGlobalSection
EndGlobal
